
Microsoft Visual Studio Solution File, Format Version 12.00
# Visual Studio Version 17
VisualStudioVersion = 17.4.33213.308
MinimumVisualStudioVersion = 10.0.40219.1
Project("{FAE04EC0-301F-11D3-BF4B-00C04F79EFBC}") = "RepoMemeMod", "RepoMemeMod\RepoMemeMod.csproj", "{2C5D12A7-DA76-4FCE-934C-E6AA7BFAD6BD}"
EndProject
Global
	GlobalSection(SolutionConfigurationPlatforms) = preSolution
		Debug|Any CPU = Debug|Any CPU
		Release|Any CPU = Release|Any CPU
	EndGlobalSection
	GlobalSection(ProjectConfigurationPlatforms) = postSolution
		{2C5D12A7-DA76-4FCE-934C-E6AA7BFAD6BD}.Debug|Any CPU.ActiveCfg = Debug|Any CPU
		{2C5D12A7-DA76-4FCE-934C-E6AA7BFAD6BD}.Debug|Any CPU.Build.0 = Debug|Any CPU
		{2C5D12A7-DA76-4FCE-934C-E6AA7BFAD6BD}.Release|Any CPU.ActiveCfg = Release|Any CPU
		{2C5D12A7-DA76-4FCE-934C-E6AA7BFAD6BD}.Release|Any CPU.Build.0 = Release|Any CPU
	EndGlobalSection
	GlobalSection(SolutionProperties) = preSolution
		HideSolutionNode = FALSE
	EndGlobalSection
	GlobalSection(ExtensibilityGlobals) = postSolution
		SolutionGuid = {5A170098-1F88-4F33-8B2D-A9DE614E3FCF}
	EndGlobalSection
EndGlobal
